
Microsoft Visual Studio Solution File, Format Version 12.00
# Visual Studio 15
VisualStudioVersion = 15.0.27703.2000
MinimumVisualStudioVersion = 10.0.40219.1
Project("{8BC9CEB8-8B4A-11D0-8D11-00A0C91BC942}") = "tinder", "tinder\tinder.vcxproj", "{966A6D13-8489-4E1E-9485-F3D063143000}"
EndProject
Project("{8BC9CEB8-8B4A-11D0-8D11-00A0C91BC942}") = "控制台", "控制台\控制台.vcxproj", "{709ACD1A-176B-442E-BA1A-50D65C59E38F}"
	ProjectSection(ProjectDependencies) = postProject
		{966A6D13-8489-4E1E-9485-F3D063143000} = {966A6D13-8489-4E1E-9485-F3D063143000}
	EndProjectSection
EndProject
Global
	GlobalSection(SolutionConfigurationPlatforms) = preSolution
		Debug|x64 = Debug|x64
		Debug|x86 = Debug|x86
		Release|x64 = Release|x64
		Release|x86 = Release|x86
	EndGlobalSection
	GlobalSection(ProjectConfigurationPlatforms) = postSolution
		{966A6D13-8489-4E1E-9485-F3D063143000}.Debug|x64.ActiveCfg = Debug|x64
		{966A6D13-8489-4E1E-9485-F3D063143000}.Debug|x64.Build.0 = Debug|x64
		{966A6D13-8489-4E1E-9485-F3D063143000}.Debug|x86.ActiveCfg = Debug|Win32
		{966A6D13-8489-4E1E-9485-F3D063143000}.Debug|x86.Build.0 = Debug|Win32
		{966A6D13-8489-4E1E-9485-F3D063143000}.Release|x64.ActiveCfg = Release|x64
		{966A6D13-8489-4E1E-9485-F3D063143000}.Release|x64.Build.0 = Release|x64
		{966A6D13-8489-4E1E-9485-F3D063143000}.Release|x86.ActiveCfg = Release|Win32
		{966A6D13-8489-4E1E-9485-F3D063143000}.Release|x86.Build.0 = Release|Win32
		{709ACD1A-176B-442E-BA1A-50D65C59E38F}.Debug|x64.ActiveCfg = Debug|x64
		{709ACD1A-176B-442E-BA1A-50D65C59E38F}.Debug|x64.Build.0 = Debug|x64
		{709ACD1A-176B-442E-BA1A-50D65C59E38F}.Debug|x86.ActiveCfg = Debug|Win32
		{709ACD1A-176B-442E-BA1A-50D65C59E38F}.Debug|x86.Build.0 = Debug|Win32
		{709ACD1A-176B-442E-BA1A-50D65C59E38F}.Release|x64.ActiveCfg = Release|x64
		{709ACD1A-176B-442E-BA1A-50D65C59E38F}.Release|x64.Build.0 = Release|x64
		{709ACD1A-176B-442E-BA1A-50D65C59E38F}.Release|x86.ActiveCfg = Release|Win32
		{709ACD1A-176B-442E-BA1A-50D65C59E38F}.Release|x86.Build.0 = Release|Win32
	EndGlobalSection
	GlobalSection(SolutionProperties) = preSolution
		HideSolutionNode = FALSE
	EndGlobalSection
	GlobalSection(ExtensibilityGlobals) = postSolution
		SolutionGuid = {1624BC0F-F822-4480-84E6-CB00EC1068D3}
	EndGlobalSection
EndGlobal
